
Microsoft Visual Studio Solution File, Format Version 12.00
# Visual Studio 15
VisualStudioVersion = 15.0.28307.136
MinimumVisualStudioVersion = 10.0.40219.1
Project("{FAE04EC0-301F-11D3-BF4B-00C04F79EFBC}") = "RentACarProject.Web", "RentACarProject.Web\RentACarProject.Web.csproj", "{A72245CD-4EED-42A4-8595-4F0EEE31A31E}"
EndProject
Global
	GlobalSection(SolutionConfigurationPlatforms) = preSolution
		Debug|Any CPU = Debug|Any CPU
		Release|Any CPU = Release|Any CPU
	EndGlobalSection
	GlobalSection(ProjectConfigurationPlatforms) = postSolution
		{A72245CD-4EED-42A4-8595-4F0EEE31A31E}.Debug|Any CPU.ActiveCfg = Debug|Any CPU
		{A72245CD-4EED-42A4-8595-4F0EEE31A31E}.Debug|Any CPU.Build.0 = Debug|Any CPU
		{A72245CD-4EED-42A4-8595-4F0EEE31A31E}.Release|Any CPU.ActiveCfg = Release|Any CPU
		{A72245CD-4EED-42A4-8595-4F0EEE31A31E}.Release|Any CPU.Build.0 = Release|Any CPU
	EndGlobalSection
	GlobalSection(SolutionProperties) = preSolution
		HideSolutionNode = FALSE
	EndGlobalSection
	GlobalSection(ExtensibilityGlobals) = postSolution
		SolutionGuid = {A3BB9A20-60DD-4501-A59E-F4E7EDF43841}
	EndGlobalSection
EndGlobal
